
Microsoft Visual Studio Solution File, Format Version 12.00
# Visual Studio Version 17
VisualStudioVersion = 17.0.31912.275
MinimumVisualStudioVersion = 10.0.40219.1
Project("{FAE04EC0-301F-11D3-BF4B-00C04F79EFBC}") = "JUEGO DEL AHORCADO", "JUEGO DEL AHORCADO\JUEGO DEL AHORCADO.csproj", "{F57F8DEF-F51C-4509-944C-B91EB2F21E4E}"
EndProject
Global
	GlobalSection(SolutionConfigurationPlatforms) = preSolution
		Debug|Any CPU = Debug|Any CPU
		Release|Any CPU = Release|Any CPU
	EndGlobalSection
	GlobalSection(ProjectConfigurationPlatforms) = postSolution
		{F57F8DEF-F51C-4509-944C-B91EB2F21E4E}.Debug|Any CPU.ActiveCfg = Debug|Any CPU
		{F57F8DEF-F51C-4509-944C-B91EB2F21E4E}.Debug|Any CPU.Build.0 = Debug|Any CPU
		{F57F8DEF-F51C-4509-944C-B91EB2F21E4E}.Release|Any CPU.ActiveCfg = Release|Any CPU
		{F57F8DEF-F51C-4509-944C-B91EB2F21E4E}.Release|Any CPU.Build.0 = Release|Any CPU
	EndGlobalSection
	GlobalSection(SolutionProperties) = preSolution
		HideSolutionNode = FALSE
	EndGlobalSection
	GlobalSection(ExtensibilityGlobals) = postSolution
		SolutionGuid = {CACA50A4-9EEE-4299-BACE-4759E15D7AFA}
	EndGlobalSection
EndGlobal
